<?xml version="1.0" encoding="utf-8"?>
<Project ToolsVersion="Current" xmlns="http://schemas.microsoft.com/developer/msbuild/2003">
  <ItemGroup>
    <Filter Include="Source Files">
      <UniqueIdentifier>{1FBA3D97-8048-4B5B-BD09-75D3329D9BE6}</UniqueIdentifier>
      <Extensions>c;cpp;cxx;cc</Extensions>
    </Filter>
    <Filter Include="Third Party\ImGui">
      <UniqueIdentifier>{9DF7C096-A274-4F6E-A5D1-5465B4B5B37F}</UniqueIdentifier>
      <Extensions>cpp;cxx;cc</Extensions>
    </Filter>
    <Filter Include="Resource Files">
      <UniqueIdentifier>{A03D1719-3BD7-4B11-BA48-763C11DB98AB}</UniqueIdentifier>
      <Extensions>rc;ico;cur;bmp;dlg;rc2;rct;bin;rgs;gif;jpg;jpeg;jpe;resx;tiff;tif;png;wav</Extensions>
    </Filter>
    <Filter Include="Header Files">
      <UniqueIdentifier>{93C6A3A3-9F3D-4A72-86B5-D9A0B312C932}</UniqueIdentifier>
      <Extensions>h;hpp;hxx;hm;inl;inc</Extensions>
    </Filter>
  </ItemGroup>
  <ItemGroup>
    <ClCompile Include="main.cpp">
      <Filter>Source Files</Filter>
    </ClCompile>
    <ClCompile Include="race_host_core.cpp">
      <Filter>Source Files</Filter>
    </ClCompile>
    <ClCompile Include="race_host_shared.cpp">
      <Filter>Source Files</Filter>
    </ClCompile>
    <ClCompile Include="race_host_ui.cpp">
      <Filter>Source Files</Filter>
    </ClCompile>
    <ClCompile Include="..\thirdparty\imgui\backends\imgui_impl_opengl2.cpp">
      <Filter>Third Party\ImGui</Filter>
    </ClCompile>
    <ClCompile Include="..\thirdparty\imgui\imgui.cpp">
      <Filter>Third Party\ImGui</Filter>
    </ClCompile>
    <ClCompile Include="..\thirdparty\imgui\imgui_draw.cpp">
      <Filter>Third Party\ImGui</Filter>
    </ClCompile>
    <ClCompile Include="..\thirdparty\imgui\imgui_tables.cpp">
      <Filter>Third Party\ImGui</Filter>
    </ClCompile>
    <ClCompile Include="..\thirdparty\imgui\imgui_widgets.cpp">
      <Filter>Third Party\ImGui</Filter>
    </ClCompile>
  </ItemGroup>
  <ItemGroup>
    <ClInclude Include="race_host_shared.h">
      <Filter>Header Files</Filter>
    </ClInclude>
    <ClInclude Include="resource.h">
      <Filter>Header Files</Filter>
    </ClInclude>
  </ItemGroup>
  <ItemGroup>
    <None Include="serverconfig.cfg">
      <Filter>Resource Files</Filter>
    </None>
  </ItemGroup>
  <ItemGroup>
    <ResourceCompile Include="race_host_app.rc">
      <Filter>Resource Files</Filter>
    </ResourceCompile>
  </ItemGroup>
</Project>
